# SystemOSIOT 环境锁定文件
# 生成日期: 2026-07-02
# 用途: 记录本地/WSL 验证环境实际可用版本，确保可复现的构建环境

# 操作系统环境
OS_NAME=Linux
OS_VERSION=24.04
KERNEL_VERSION=6.x

# 容器环境（可选）
DOCKER_VERSION=
DOCKER_COMPOSE_VERSION=

# 证明助手与形式化工具
COQ_VERSION=8.18.0
COQ_SHA256=
ISABELLE_VERSION=2025-2
ISABELLE_SHA256=
LEAN_VERSION=4.31.0
LEAN_SHA256=
MATHLIB4_COMMIT=
MATHLIB4_SHA256=

# SMT求解器
Z3_VERSION=4.13.0
Z3_SHA256=
CVC5_VERSION=1.3.4
CVC5_SHA256=

# TLA+工具链
TLAPS_VERSION=
TLA_PLUS_VERSION=1.8.0
TLA_PLUS_SHA256=

# 模型检验器
NUSMV_VERSION=2.6.0
SPIN_VERSION=6.5.2
PRISM_VERSION=4.10.1
UPPAAL_VERSION=5.0.0
ALLOY_VERSION=6.2.0

# 编程语言运行时
OCAML_VERSION=4.14.1
OCAML_SHA256=
PYTHON_VERSION=
PYTHON_SHA256=
NODE_VERSION=
NODE_SHA256=
JAVA_VERSION=21.0.11
JAVA_SHA256=

# 构建工具
MAKE_VERSION=
CMAKE_VERSION=
GIT_VERSION=

# Python包依赖 (requirements.txt)
# 待生成: pip freeze > requirements.txt

# 随机种子 (用于确定性构建)
RANDOM_SEED=20260702
BUILD_ID=systemosiot-2026-07-02

# 环境变量
export COQ_PATH=
export ISABELLE_PATH=/mnt/e/_src/SystemOSIOT/tools/engines/Isabelle2025-2
export LEAN_PATH=
export Z3_PATH=/mnt/e/_src/SystemOSIOT/tools/engines/z3-4.13.0-x64-win
export CVC5_PATH=/mnt/e/_src/SystemOSIOT/tools/engines/cvc5-Linux-x86_64-static

# 验证环境检查脚本
VERIFICATION_SCRIPT=./tools/verify_environment.sh
