# SystemOSIOT 环境锁定文件
# 生成日期: 2025-01-27
# 用途: 确保可复现的构建环境

# 操作系统环境
OS_NAME=Linux
OS_VERSION=22.04
KERNEL_VERSION=5.15.0-91-generic

# 容器环境
DOCKER_VERSION=24.0.7
DOCKER_COMPOSE_VERSION=2.21.0

# 证明助手与形式化工具
COQ_VERSION=8.19.0
COQ_SHA256=abc123def456789...  # 实际SHA256待填充
ISABELLE_VERSION=2024
ISABELLE_SHA256=def456ghi789012...  # 实际SHA256待填充
LEAN_VERSION=4.12.0
LEAN_SHA256=ghi789jkl012345...  # 实际SHA256待填充
MATHLIB4_COMMIT=latest
MATHLIB4_SHA256=...  # 实际SHA256待填充

# SMT求解器
Z3_VERSION=4.12.2
Z3_SHA256=jkl012mno345678...  # 实际SHA256待填充
CVC5_VERSION=1.1.0
CVC5_SHA256=mno345pqr678901...  # 实际SHA256待填充

# TLA+工具链
TLAPS_VERSION=1.4.5
TLAPS_SHA256=pqr678stu901234...  # 实际SHA256待填充
TLA_PLUS_VERSION=1.8.0
TLA_PLUS_SHA256=stu901vwx234567...  # 实际SHA256待填充

# 编程语言运行时
OCAML_VERSION=5.1.0
OCAML_SHA256=vwx234yza567890...  # 实际SHA256待填充
PYTHON_VERSION=3.11.7
PYTHON_SHA256=yza567bcd890123...  # 实际SHA256待填充
NODE_VERSION=18.17.0
NODE_SHA256=bcd890efg123456...  # 实际SHA256待填充
JAVA_VERSION=17.0.9
JAVA_SHA256=efg123hij456789...  # 实际SHA256待填充

# 构建工具
MAKE_VERSION=4.3
CMAKE_VERSION=3.28.1
GIT_VERSION=2.34.1

# Python包依赖 (requirements.txt)
# 待生成: pip freeze > requirements.txt

# 随机种子 (用于确定性构建)
RANDOM_SEED=20250127
BUILD_ID=systemosiot-2025-01-27

# 环境变量
export COQ_PATH=/opt/coq-8.19.0
export ISABELLE_PATH=/opt/Isabelle2024
export LEAN_PATH=/opt/lean-4.12.0
export Z3_PATH=/opt/z3-4.12.2
export CVC5_PATH=/opt/cvc5-1.1.0
export TLAPS_PATH=/opt/tlaps-1.4.5

# 验证环境检查脚本
VERIFICATION_SCRIPT=./tools/verify_environment.sh
